
Microsoft Visual Studio Solution File, Format Version 12.00
# Visual Studio Version 16
VisualStudioVersion = 16.0.31624.102
MinimumVisualStudioVersion = 10.0.40219.1
Project("{FAE04EC0-301F-11D3-BF4B-00C04F79EFBC}") = "Properties", "Properties\Properties.csproj", "{D3515AFF-A816-43FC-8E03-B002BC3FF9F6}"
EndProject
Global
	GlobalSection(SolutionConfigurationPlatforms) = preSolution
		Debug|Any CPU = Debug|Any CPU
		Release|Any CPU = Release|Any CPU
	EndGlobalSection
	GlobalSection(ProjectConfigurationPlatforms) = postSolution
		{D3515AFF-A816-43FC-8E03-B002BC3FF9F6}.Debug|Any CPU.ActiveCfg = Debug|Any CPU
		{D3515AFF-A816-43FC-8E03-B002BC3FF9F6}.Debug|Any CPU.Build.0 = Debug|Any CPU
		{D3515AFF-A816-43FC-8E03-B002BC3FF9F6}.Release|Any CPU.ActiveCfg = Release|Any CPU
		{D3515AFF-A816-43FC-8E03-B002BC3FF9F6}.Release|Any CPU.Build.0 = Release|Any CPU
	EndGlobalSection
	GlobalSection(SolutionProperties) = preSolution
		HideSolutionNode = FALSE
	EndGlobalSection
	GlobalSection(ExtensibilityGlobals) = postSolution
		SolutionGuid = {02CE7F61-FFD3-4D9F-8FAC-F1D568E689B2}
	EndGlobalSection
EndGlobal
