
Microsoft Visual Studio Solution File, Format Version 12.00
# Visual Studio Version 16
VisualStudioVersion = 16.0.31729.503
MinimumVisualStudioVersion = 10.0.40219.1
Project("{FAE04EC0-301F-11D3-BF4B-00C04F79EFBC}") = "AccessModifiers", "AccessModifiers\AccessModifiers.csproj", "{DF6256E5-AFED-4BA0-A73E-3A40F357AE94}"
EndProject
Global
	GlobalSection(SolutionConfigurationPlatforms) = preSolution
		Debug|Any CPU = Debug|Any CPU
		Release|Any CPU = Release|Any CPU
	EndGlobalSection
	GlobalSection(ProjectConfigurationPlatforms) = postSolution
		{DF6256E5-AFED-4BA0-A73E-3A40F357AE94}.Debug|Any CPU.ActiveCfg = Debug|Any CPU
		{DF6256E5-AFED-4BA0-A73E-3A40F357AE94}.Debug|Any CPU.Build.0 = Debug|Any CPU
		{DF6256E5-AFED-4BA0-A73E-3A40F357AE94}.Release|Any CPU.ActiveCfg = Release|Any CPU
		{DF6256E5-AFED-4BA0-A73E-3A40F357AE94}.Release|Any CPU.Build.0 = Release|Any CPU
	EndGlobalSection
	GlobalSection(SolutionProperties) = preSolution
		HideSolutionNode = FALSE
	EndGlobalSection
	GlobalSection(ExtensibilityGlobals) = postSolution
		SolutionGuid = {2653FA3B-51D0-45BF-A172-0D1C2C7B9904}
	EndGlobalSection
EndGlobal
