
Microsoft Visual Studio Solution File, Format Version 12.00
# Visual Studio Version 16
VisualStudioVersion = 16.0.31624.102
MinimumVisualStudioVersion = 10.0.40219.1
Project("{FAE04EC0-301F-11D3-BF4B-00C04F79EFBC}") = "ControlFlow_Exercise2", "ControlFlow_Exercise2\ControlFlow_Exercise2.csproj", "{33A9FAD4-BE25-43F6-8BDC-4DFAEDEE6C1D}"
EndProject
Global
	GlobalSection(SolutionConfigurationPlatforms) = preSolution
		Debug|Any CPU = Debug|Any CPU
		Release|Any CPU = Release|Any CPU
	EndGlobalSection
	GlobalSection(ProjectConfigurationPlatforms) = postSolution
		{33A9FAD4-BE25-43F6-8BDC-4DFAEDEE6C1D}.Debug|Any CPU.ActiveCfg = Debug|Any CPU
		{33A9FAD4-BE25-43F6-8BDC-4DFAEDEE6C1D}.Debug|Any CPU.Build.0 = Debug|Any CPU
		{33A9FAD4-BE25-43F6-8BDC-4DFAEDEE6C1D}.Release|Any CPU.ActiveCfg = Release|Any CPU
		{33A9FAD4-BE25-43F6-8BDC-4DFAEDEE6C1D}.Release|Any CPU.Build.0 = Release|Any CPU
	EndGlobalSection
	GlobalSection(SolutionProperties) = preSolution
		HideSolutionNode = FALSE
	EndGlobalSection
	GlobalSection(ExtensibilityGlobals) = postSolution
		SolutionGuid = {4954B016-67B2-4C68-BC7F-953D47938095}
	EndGlobalSection
EndGlobal
