
Microsoft Visual Studio Solution File, Format Version 12.00
# Visual Studio Version 16
VisualStudioVersion = 16.0.31624.102
MinimumVisualStudioVersion = 10.0.40219.1
Project("{FAE04EC0-301F-11D3-BF4B-00C04F79EFBC}") = "ControlFlow_Exercise1", "ControlFlow_Exercise1\ControlFlow_Exercise1.csproj", "{56453490-2627-4A74-B94C-5111EEABC329}"
EndProject
Global
	GlobalSection(SolutionConfigurationPlatforms) = preSolution
		Debug|Any CPU = Debug|Any CPU
		Release|Any CPU = Release|Any CPU
	EndGlobalSection
	GlobalSection(ProjectConfigurationPlatforms) = postSolution
		{56453490-2627-4A74-B94C-5111EEABC329}.Debug|Any CPU.ActiveCfg = Debug|Any CPU
		{56453490-2627-4A74-B94C-5111EEABC329}.Debug|Any CPU.Build.0 = Debug|Any CPU
		{56453490-2627-4A74-B94C-5111EEABC329}.Release|Any CPU.ActiveCfg = Release|Any CPU
		{56453490-2627-4A74-B94C-5111EEABC329}.Release|Any CPU.Build.0 = Release|Any CPU
	EndGlobalSection
	GlobalSection(SolutionProperties) = preSolution
		HideSolutionNode = FALSE
	EndGlobalSection
	GlobalSection(ExtensibilityGlobals) = postSolution
		SolutionGuid = {3C885BE0-2A64-4E8B-AC94-CB597036B571}
	EndGlobalSection
EndGlobal
