
Microsoft Visual Studio Solution File, Format Version 12.00
# Visual Studio Version 16
VisualStudioVersion = 16.0.31624.102
MinimumVisualStudioVersion = 10.0.40219.1
Project("{FAE04EC0-301F-11D3-BF4B-00C04F79EFBC}") = "Classes", "Classes\Classes.csproj", "{9FE7A80E-941F-4CCB-A76F-9AA4C35EA151}"
EndProject
Global
	GlobalSection(SolutionConfigurationPlatforms) = preSolution
		Debug|Any CPU = Debug|Any CPU
		Release|Any CPU = Release|Any CPU
	EndGlobalSection
	GlobalSection(ProjectConfigurationPlatforms) = postSolution
		{9FE7A80E-941F-4CCB-A76F-9AA4C35EA151}.Debug|Any CPU.ActiveCfg = Debug|Any CPU
		{9FE7A80E-941F-4CCB-A76F-9AA4C35EA151}.Debug|Any CPU.Build.0 = Debug|Any CPU
		{9FE7A80E-941F-4CCB-A76F-9AA4C35EA151}.Release|Any CPU.ActiveCfg = Release|Any CPU
		{9FE7A80E-941F-4CCB-A76F-9AA4C35EA151}.Release|Any CPU.Build.0 = Release|Any CPU
	EndGlobalSection
	GlobalSection(SolutionProperties) = preSolution
		HideSolutionNode = FALSE
	EndGlobalSection
	GlobalSection(ExtensibilityGlobals) = postSolution
		SolutionGuid = {D35C41CC-0B82-4324-9DA8-367374D40B56}
	EndGlobalSection
EndGlobal
